
Microsoft Visual Studio Solution File, Format Version 12.00
# Visual Studio Version 17
VisualStudioVersion = 17.5.2.0
MinimumVisualStudioVersion = 10.0.40219.1
Project("{FAE04EC0-301F-11D3-BF4B-00C04F79EFBC}") = "MyApp", "MyApp\MyApp.csproj", "{D8495696-776F-DF62-4486-C5C1C6F08BD3}"
EndProject
Project("{FAE04EC0-301F-11D3-BF4B-00C04F79EFBC}") = "WebApi", "WebApi\WebApi.csproj", "{B1D1CAD4-56B7-45CB-9C57-E61580A56AA5}"
EndProject
Project("{FAE04EC0-301F-11D3-BF4B-00C04F79EFBC}") = "ParkingLot", "ParkingLot\ParkingLot.csproj", "{C6476033-0CE3-4AB1-97D5-D56B1B36C2EB}"
EndProject
Project("{FAE04EC0-301F-11D3-BF4B-00C04F79EFBC}") = "Trie", "Trie\Trie.csproj", "{4D54269A-C3E1-4A24-8203-0DA44BAC1EF0}"
EndProject
Project("{FAE04EC0-301F-11D3-BF4B-00C04F79EFBC}") = "WebSocket", "WebSocket\WebSocket.csproj", "{895D880C-1D6E-471E-845F-61F1BF626DAC}"
EndProject
Project("{FAE04EC0-301F-11D3-BF4B-00C04F79EFBC}") = "WebSocketServer", "WebSocketServer\WebSocketServer.csproj", "{FF5592EE-8E4F-4A24-8615-C8B6202EBDDC}"
EndProject
Project("{FAE04EC0-301F-11D3-BF4B-00C04F79EFBC}") = "WebSocketClient", "WebSocketClient\WebSocketClient.csproj", "{399578F9-0817-4DBA-8786-BD6543333F1B}"
EndProject
Project("{FAE04EC0-301F-11D3-BF4B-00C04F79EFBC}") = "MultiThreading", "MultiThreading\MultiThreading.csproj", "{008B7537-605B-443A-BE43-045D94700587}"
EndProject
Project("{FAE04EC0-301F-11D3-BF4B-00C04F79EFBC}") = "LRU", "LRU\LRU.csproj", "{6D6D4DC5-4B22-4FD4-975E-2C86BE546508}"
EndProject
Project("{FAE04EC0-301F-11D3-BF4B-00C04F79EFBC}") = "CodeForces", "CodeForces\CodeForces.csproj", "{8AC35E46-2F33-4538-A1F5-77B3939DE25A}"
EndProject
Global
	GlobalSection(SolutionConfigurationPlatforms) = preSolution
		Debug|Any CPU = Debug|Any CPU
		Release|Any CPU = Release|Any CPU
	EndGlobalSection
	GlobalSection(ProjectConfigurationPlatforms) = postSolution
		{D8495696-776F-DF62-4486-C5C1C6F08BD3}.Debug|Any CPU.ActiveCfg = Debug|Any CPU
		{D8495696-776F-DF62-4486-C5C1C6F08BD3}.Debug|Any CPU.Build.0 = Debug|Any CPU
		{D8495696-776F-DF62-4486-C5C1C6F08BD3}.Release|Any CPU.ActiveCfg = Release|Any CPU
		{D8495696-776F-DF62-4486-C5C1C6F08BD3}.Release|Any CPU.Build.0 = Release|Any CPU
		{B1D1CAD4-56B7-45CB-9C57-E61580A56AA5}.Debug|Any CPU.ActiveCfg = Debug|Any CPU
		{B1D1CAD4-56B7-45CB-9C57-E61580A56AA5}.Debug|Any CPU.Build.0 = Debug|Any CPU
		{B1D1CAD4-56B7-45CB-9C57-E61580A56AA5}.Release|Any CPU.ActiveCfg = Release|Any CPU
		{B1D1CAD4-56B7-45CB-9C57-E61580A56AA5}.Release|Any CPU.Build.0 = Release|Any CPU
		{C6476033-0CE3-4AB1-97D5-D56B1B36C2EB}.Debug|Any CPU.ActiveCfg = Debug|Any CPU
		{C6476033-0CE3-4AB1-97D5-D56B1B36C2EB}.Debug|Any CPU.Build.0 = Debug|Any CPU
		{C6476033-0CE3-4AB1-97D5-D56B1B36C2EB}.Release|Any CPU.ActiveCfg = Release|Any CPU
		{C6476033-0CE3-4AB1-97D5-D56B1B36C2EB}.Release|Any CPU.Build.0 = Release|Any CPU
		{4D54269A-C3E1-4A24-8203-0DA44BAC1EF0}.Debug|Any CPU.ActiveCfg = Debug|Any CPU
		{4D54269A-C3E1-4A24-8203-0DA44BAC1EF0}.Debug|Any CPU.Build.0 = Debug|Any CPU
		{4D54269A-C3E1-4A24-8203-0DA44BAC1EF0}.Release|Any CPU.ActiveCfg = Release|Any CPU
		{4D54269A-C3E1-4A24-8203-0DA44BAC1EF0}.Release|Any CPU.Build.0 = Release|Any CPU
		{895D880C-1D6E-471E-845F-61F1BF626DAC}.Debug|Any CPU.ActiveCfg = Debug|Any CPU
		{895D880C-1D6E-471E-845F-61F1BF626DAC}.Debug|Any CPU.Build.0 = Debug|Any CPU
		{895D880C-1D6E-471E-845F-61F1BF626DAC}.Release|Any CPU.ActiveCfg = Release|Any CPU
		{895D880C-1D6E-471E-845F-61F1BF626DAC}.Release|Any CPU.Build.0 = Release|Any CPU
		{FF5592EE-8E4F-4A24-8615-C8B6202EBDDC}.Debug|Any CPU.ActiveCfg = Debug|Any CPU
		{FF5592EE-8E4F-4A24-8615-C8B6202EBDDC}.Debug|Any CPU.Build.0 = Debug|Any CPU
		{FF5592EE-8E4F-4A24-8615-C8B6202EBDDC}.Release|Any CPU.ActiveCfg = Release|Any CPU
		{FF5592EE-8E4F-4A24-8615-C8B6202EBDDC}.Release|Any CPU.Build.0 = Release|Any CPU
		{399578F9-0817-4DBA-8786-BD6543333F1B}.Debug|Any CPU.ActiveCfg = Debug|Any CPU
		{399578F9-0817-4DBA-8786-BD6543333F1B}.Debug|Any CPU.Build.0 = Debug|Any CPU
		{399578F9-0817-4DBA-8786-BD6543333F1B}.Release|Any CPU.ActiveCfg = Release|Any CPU
		{399578F9-0817-4DBA-8786-BD6543333F1B}.Release|Any CPU.Build.0 = Release|Any CPU
		{008B7537-605B-443A-BE43-045D94700587}.Debug|Any CPU.ActiveCfg = Debug|Any CPU
		{008B7537-605B-443A-BE43-045D94700587}.Debug|Any CPU.Build.0 = Debug|Any CPU
		{008B7537-605B-443A-BE43-045D94700587}.Release|Any CPU.ActiveCfg = Release|Any CPU
		{008B7537-605B-443A-BE43-045D94700587}.Release|Any CPU.Build.0 = Release|Any CPU
		{6D6D4DC5-4B22-4FD4-975E-2C86BE546508}.Debug|Any CPU.ActiveCfg = Debug|Any CPU
		{6D6D4DC5-4B22-4FD4-975E-2C86BE546508}.Debug|Any CPU.Build.0 = Debug|Any CPU
		{6D6D4DC5-4B22-4FD4-975E-2C86BE546508}.Release|Any CPU.ActiveCfg = Release|Any CPU
		{6D6D4DC5-4B22-4FD4-975E-2C86BE546508}.Release|Any CPU.Build.0 = Release|Any CPU
		{8AC35E46-2F33-4538-A1F5-77B3939DE25A}.Debug|Any CPU.ActiveCfg = Debug|Any CPU
		{8AC35E46-2F33-4538-A1F5-77B3939DE25A}.Debug|Any CPU.Build.0 = Debug|Any CPU
		{8AC35E46-2F33-4538-A1F5-77B3939DE25A}.Release|Any CPU.ActiveCfg = Release|Any CPU
		{8AC35E46-2F33-4538-A1F5-77B3939DE25A}.Release|Any CPU.Build.0 = Release|Any CPU
	EndGlobalSection
	GlobalSection(SolutionProperties) = preSolution
		HideSolutionNode = FALSE
	EndGlobalSection
	GlobalSection(ExtensibilityGlobals) = postSolution
		SolutionGuid = {3FE3AC04-46A7-4A0A-80E9-3293306E62F2}
	EndGlobalSection
EndGlobal
